
Microsoft Visual Studio Solution File, Format Version 12.00
# Visual Studio Version 17
VisualStudioVersion = 17.1.32210.238
MinimumVisualStudioVersion = 10.0.40219.1
Project("{9A19103F-16F7-4668-BE54-9A1E7A4F7556}") = "AMath", "AMath\AMath.csproj", "{782B28FB-FE87-4B12-823A-DEF3AF8C8E62}"
EndProject
Project("{9A19103F-16F7-4668-BE54-9A1E7A4F7556}") = "Debugger", "Debug\Debugger.csproj", "{72ABD052-2AC0-44E7-AA6F-D59D1F39FE61}"
EndProject
Global
	GlobalSection(SolutionConfigurationPlatforms) = preSolution
		Debug|Any CPU = Debug|Any CPU
		Release|Any CPU = Release|Any CPU
	EndGlobalSection
	GlobalSection(ProjectConfigurationPlatforms) = postSolution
		{782B28FB-FE87-4B12-823A-DEF3AF8C8E62}.Debug|Any CPU.ActiveCfg = Debug|Any CPU
		{782B28FB-FE87-4B12-823A-DEF3AF8C8E62}.Debug|Any CPU.Build.0 = Debug|Any CPU
		{782B28FB-FE87-4B12-823A-DEF3AF8C8E62}.Release|Any CPU.ActiveCfg = Release|Any CPU
		{782B28FB-FE87-4B12-823A-DEF3AF8C8E62}.Release|Any CPU.Build.0 = Release|Any CPU
		{72ABD052-2AC0-44E7-AA6F-D59D1F39FE61}.Debug|Any CPU.ActiveCfg = Debug|Any CPU
		{72ABD052-2AC0-44E7-AA6F-D59D1F39FE61}.Debug|Any CPU.Build.0 = Debug|Any CPU
		{72ABD052-2AC0-44E7-AA6F-D59D1F39FE61}.Release|Any CPU.ActiveCfg = Release|Any CPU
		{72ABD052-2AC0-44E7-AA6F-D59D1F39FE61}.Release|Any CPU.Build.0 = Release|Any CPU
	EndGlobalSection
	GlobalSection(SolutionProperties) = preSolution
		HideSolutionNode = FALSE
	EndGlobalSection
	GlobalSection(ExtensibilityGlobals) = postSolution
		SolutionGuid = {1496AB8D-E209-44FA-8BF7-60B3342F66A4}
	EndGlobalSection
EndGlobal
